{
    "version": 3,
    "terraform_version": "0.10.2",
    "serial": 2,
    "lineage": "01b85b87-f793-4fa1-a7bb-530fbe691072",
    "modules": [
        {
            "path": [
                "root"
            ],
            "outputs": {},
            "resources": {
                "github_repository.steelhacks-repo": {
                    "type": "github_repository",
                    "depends_on": [],
                    "primary": {
                        "id": "OurSteelhacksRepo",
                        "attributes": {
                            "allow_merge_commit": "true",
                            "allow_rebase_merge": "true",
                            "allow_squash_merge": "true",
                            "default_branch": "master",
                            "description": "Go team go!",
                            "full_name": "CentralCatholic/OurSteelhacksRepo",
                            "git_clone_url": "git://github.com/CentralCatholic/OurSteelhacksRepo.git",
                            "has_downloads": "false",
                            "has_issues": "false",
                            "has_wiki": "false",
                            "homepage_url": "",
                            "http_clone_url": "https://github.com/CentralCatholic/OurSteelhacksRepo.git",
                            "id": "OurSteelhacksRepo",
                            "name": "OurSteelhacksRepo",
                            "private": "true",
                            "ssh_clone_url": "git@github.com:CentralCatholic/OurSteelhacksRepo.git",
                            "svn_url": "https://github.com/CentralCatholic/OurSteelhacksRepo"
                        },
                        "meta": {},
                        "tainted": false
                    },
                    "deposed": [],
                    "provider": ""
                },
                "github_repository_collaborator.DanJustice": {
                    "type": "github_repository_collaborator",
                    "depends_on": [
                        "github_repository.steelhacks-repo"
                    ],
                    "primary": {
                        "id": "OurSteelhacksRepo:danieljustice",
                        "attributes": {
                            "id": "OurSteelhacksRepo:danieljustice",
                            "permission": "admin",
                            "repository": "OurSteelhacksRepo",
                            "username": "danieljustice"
                        },
                        "meta": {},
                        "tainted": false
                    },
                    "deposed": [],
                    "provider": ""
                }
            },
            "depends_on": []
        }
    ]
}
